
Microsoft Visual Studio Solution File, Format Version 12.00
# Visual Studio Version 17
VisualStudioVersion = 17.4.33205.214
MinimumVisualStudioVersion = 10.0.40219.1
Project("{888888A0-9F3D-457C-B088-3A5042F75D52}") = "töö", "töö\töö.pyproj", "{4CA18DB8-B2F6-4811-B1B5-726B2B096AE2}"
EndProject
Global
	GlobalSection(SolutionConfigurationPlatforms) = preSolution
		Debug|Any CPU = Debug|Any CPU
		Release|Any CPU = Release|Any CPU
	EndGlobalSection
	GlobalSection(ProjectConfigurationPlatforms) = postSolution
		{4CA18DB8-B2F6-4811-B1B5-726B2B096AE2}.Debug|Any CPU.ActiveCfg = Debug|Any CPU
		{4CA18DB8-B2F6-4811-B1B5-726B2B096AE2}.Release|Any CPU.ActiveCfg = Release|Any CPU
	EndGlobalSection
	GlobalSection(SolutionProperties) = preSolution
		HideSolutionNode = FALSE
	EndGlobalSection
	GlobalSection(ExtensibilityGlobals) = postSolution
		SolutionGuid = {F8FB2870-F0FD-49C9-88AC-9D462B3302DA}
	EndGlobalSection
EndGlobal
