
Microsoft Visual Studio Solution File, Format Version 12.00
# Visual Studio Version 17
VisualStudioVersion = 17.4.33205.214
MinimumVisualStudioVersion = 10.0.40219.1
Project("{FAE04EC0-301F-11D3-BF4B-00C04F79EFBC}") = "ProductDB", "ProductDB.csproj", "{7D02C891-56A6-44CA-A5B5-A6408914AB5A}"
EndProject
Global
	GlobalSection(SolutionConfigurationPlatforms) = preSolution
		Debug|Any CPU = Debug|Any CPU
		Release|Any CPU = Release|Any CPU
	EndGlobalSection
	GlobalSection(ProjectConfigurationPlatforms) = postSolution
		{7D02C891-56A6-44CA-A5B5-A6408914AB5A}.Debug|Any CPU.ActiveCfg = Debug|Any CPU
		{7D02C891-56A6-44CA-A5B5-A6408914AB5A}.Debug|Any CPU.Build.0 = Debug|Any CPU
		{7D02C891-56A6-44CA-A5B5-A6408914AB5A}.Release|Any CPU.ActiveCfg = Release|Any CPU
		{7D02C891-56A6-44CA-A5B5-A6408914AB5A}.Release|Any CPU.Build.0 = Release|Any CPU
	EndGlobalSection
	GlobalSection(SolutionProperties) = preSolution
		HideSolutionNode = FALSE
	EndGlobalSection
	GlobalSection(ExtensibilityGlobals) = postSolution
		SolutionGuid = {281BF941-B937-4B7A-B735-730BE489D4EC}
	EndGlobalSection
EndGlobal
