
Microsoft Visual Studio Solution File, Format Version 12.00
# Visual Studio Version 17
VisualStudioVersion = 17.4.33205.214
MinimumVisualStudioVersion = 10.0.40219.1
Project("{FAE04EC0-301F-11D3-BF4B-00C04F79EFBC}") = "Veeb", "Veeb.csproj", "{9837752F-4D97-490F-89F5-8E04E43B7DC6}"
EndProject
Global
	GlobalSection(SolutionConfigurationPlatforms) = preSolution
		Debug|Any CPU = Debug|Any CPU
		Release|Any CPU = Release|Any CPU
	EndGlobalSection
	GlobalSection(ProjectConfigurationPlatforms) = postSolution
		{9837752F-4D97-490F-89F5-8E04E43B7DC6}.Debug|Any CPU.ActiveCfg = Debug|Any CPU
		{9837752F-4D97-490F-89F5-8E04E43B7DC6}.Debug|Any CPU.Build.0 = Debug|Any CPU
		{9837752F-4D97-490F-89F5-8E04E43B7DC6}.Release|Any CPU.ActiveCfg = Release|Any CPU
		{9837752F-4D97-490F-89F5-8E04E43B7DC6}.Release|Any CPU.Build.0 = Release|Any CPU
	EndGlobalSection
	GlobalSection(SolutionProperties) = preSolution
		HideSolutionNode = FALSE
	EndGlobalSection
	GlobalSection(ExtensibilityGlobals) = postSolution
		SolutionGuid = {3C8F5F2F-A9C5-47B3-9E52-18096A3B1155}
	EndGlobalSection
EndGlobal
